
Microsoft Visual Studio Solution File, Format Version 12.00
# Visual Studio Version 16
VisualStudioVersion = 16.0.30503.244
MinimumVisualStudioVersion = 10.0.40219.1
Project("{9A19103F-16F7-4668-BE54-9A1E7A4F7556}") = "SecureWebApi", "SecureWebApi\SecureWebApi.csproj", "{CFAF2841-2D5C-402C-BE79-3DD04A46BA4F}"
EndProject
Project("{9A19103F-16F7-4668-BE54-9A1E7A4F7556}") = "SecureWebApi.Shared", "SecureWebApi.Shared\SecureWebApi.Shared.csproj", "{F2B46F25-CB61-4ACD-9DF6-146B6D70383F}"
EndProject
Project("{9A19103F-16F7-4668-BE54-9A1E7A4F7556}") = "SecureWebApi.Test", "SecureWebApi.Test\SecureWebApi.Test.csproj", "{B111AECB-BFAD-4682-BE52-64D0FBE26E47}"
EndProject
Project("{2150E333-8FDC-42A3-9474-1A3956D46DE8}") = "Solution Items", "Solution Items", "{D0EEC85B-04DA-4F3B-B291-2FB436BD6805}"
	ProjectSection(SolutionItems) = preProject
		.gitignore = .gitignore
		LICENSE = LICENSE
		Readme.md = Readme.md
	EndProjectSection
EndProject
Project("{FAE04EC0-301F-11D3-BF4B-00C04F79EFBC}") = "SecureWebApi.IntegrationTests", "SecureWebApi.IntegrationTests\SecureWebApi.IntegrationTests.csproj", "{B2B76367-3B6A-4C13-8155-D116932D7D4B}"
EndProject
Global
	GlobalSection(SolutionConfigurationPlatforms) = preSolution
		Debug|Any CPU = Debug|Any CPU
		Release|Any CPU = Release|Any CPU
	EndGlobalSection
	GlobalSection(ProjectConfigurationPlatforms) = postSolution
		{CFAF2841-2D5C-402C-BE79-3DD04A46BA4F}.Debug|Any CPU.ActiveCfg = Debug|Any CPU
		{CFAF2841-2D5C-402C-BE79-3DD04A46BA4F}.Debug|Any CPU.Build.0 = Debug|Any CPU
		{CFAF2841-2D5C-402C-BE79-3DD04A46BA4F}.Release|Any CPU.ActiveCfg = Release|Any CPU
		{CFAF2841-2D5C-402C-BE79-3DD04A46BA4F}.Release|Any CPU.Build.0 = Release|Any CPU
		{F2B46F25-CB61-4ACD-9DF6-146B6D70383F}.Debug|Any CPU.ActiveCfg = Debug|Any CPU
		{F2B46F25-CB61-4ACD-9DF6-146B6D70383F}.Debug|Any CPU.Build.0 = Debug|Any CPU
		{F2B46F25-CB61-4ACD-9DF6-146B6D70383F}.Release|Any CPU.ActiveCfg = Release|Any CPU
		{F2B46F25-CB61-4ACD-9DF6-146B6D70383F}.Release|Any CPU.Build.0 = Release|Any CPU
		{B111AECB-BFAD-4682-BE52-64D0FBE26E47}.Debug|Any CPU.ActiveCfg = Debug|Any CPU
		{B111AECB-BFAD-4682-BE52-64D0FBE26E47}.Debug|Any CPU.Build.0 = Debug|Any CPU
		{B111AECB-BFAD-4682-BE52-64D0FBE26E47}.Release|Any CPU.ActiveCfg = Release|Any CPU
		{B111AECB-BFAD-4682-BE52-64D0FBE26E47}.Release|Any CPU.Build.0 = Release|Any CPU
		{B2B76367-3B6A-4C13-8155-D116932D7D4B}.Debug|Any CPU.ActiveCfg = Debug|Any CPU
		{B2B76367-3B6A-4C13-8155-D116932D7D4B}.Debug|Any CPU.Build.0 = Debug|Any CPU
		{B2B76367-3B6A-4C13-8155-D116932D7D4B}.Release|Any CPU.ActiveCfg = Release|Any CPU
		{B2B76367-3B6A-4C13-8155-D116932D7D4B}.Release|Any CPU.Build.0 = Release|Any CPU
	EndGlobalSection
	GlobalSection(SolutionProperties) = preSolution
		HideSolutionNode = FALSE
	EndGlobalSection
	GlobalSection(ExtensibilityGlobals) = postSolution
		SolutionGuid = {8A818D30-39BB-4403-AD28-A7E30BDA822B}
	EndGlobalSection
EndGlobal
